
Microsoft Visual Studio Solution File, Format Version 11.00
# Visual Studio 2010
Project("{FAE04EC0-301F-11D3-BF4B-00C04F79EFBC}") = "SHU.Web", "SHU.Web\SHU.Web\SHU.Web.csproj", "{601E967B-E599-4FEA-B42B-9B46AF37342B}"
EndProject
Project("{FAE04EC0-301F-11D3-BF4B-00C04F79EFBC}") = "SHU.Arts", "SHU.Arts\SHU.Arts.csproj", "{A3710EDF-A47B-4F60-9E48-E4BD0AFFCC9C}"
EndProject
Global
	GlobalSection(SolutionConfigurationPlatforms) = preSolution
		Debug|Any CPU = Debug|Any CPU
		Release|Any CPU = Release|Any CPU
	EndGlobalSection
	GlobalSection(ProjectConfigurationPlatforms) = postSolution
		{601E967B-E599-4FEA-B42B-9B46AF37342B}.Debug|Any CPU.ActiveCfg = Debug|Any CPU
		{601E967B-E599-4FEA-B42B-9B46AF37342B}.Debug|Any CPU.Build.0 = Debug|Any CPU
		{601E967B-E599-4FEA-B42B-9B46AF37342B}.Release|Any CPU.ActiveCfg = Release|Any CPU
		{601E967B-E599-4FEA-B42B-9B46AF37342B}.Release|Any CPU.Build.0 = Release|Any CPU
		{A3710EDF-A47B-4F60-9E48-E4BD0AFFCC9C}.Debug|Any CPU.ActiveCfg = Debug|Any CPU
		{A3710EDF-A47B-4F60-9E48-E4BD0AFFCC9C}.Debug|Any CPU.Build.0 = Debug|Any CPU
		{A3710EDF-A47B-4F60-9E48-E4BD0AFFCC9C}.Release|Any CPU.ActiveCfg = Release|Any CPU
		{A3710EDF-A47B-4F60-9E48-E4BD0AFFCC9C}.Release|Any CPU.Build.0 = Release|Any CPU
	EndGlobalSection
	GlobalSection(SolutionProperties) = preSolution
		HideSolutionNode = FALSE
	EndGlobalSection
EndGlobal
